# This file was autogenerated by Stack.
# You should not edit this file by hand.
# For more information, please see the documentation at:
#   https://docs.haskellstack.org/en/stable/lock_files

packages:
- completed:
    hackage: tweet-hs-1.0.2.3@sha256:8341718de830c2cba02e0ef23d0a472af42a711fa2a9707aa2f6909fa89c2475,2802
    pantry-tree:
      size: 1006
      sha256: cb2cae20df42bbdc4e9987a6396b40b1196e67ae98b5ba9bc993e324db465093
  original:
    hackage: tweet-hs-1.0.2.3@sha256:8341718de830c2cba02e0ef23d0a472af42a711fa2a9707aa2f6909fa89c2475,2802
- completed:
    hackage: composition-prelude-3.0.0.2@sha256:1ffed216bd28d810fce0b5be83a661e2a892696d73b3f8de5c0f5edb9b5f0090,1216
    pantry-tree:
      size: 284
      sha256: 94fc1c55e9065ae575315ac52a552d0e03beaefef4669a58a9745c6d71b4dd6b
  original:
    hackage: composition-prelude-3.0.0.2@sha256:1ffed216bd28d810fce0b5be83a661e2a892696d73b3f8de5c0f5edb9b5f0090,1216
- completed:
    hackage: htoml-megaparsec-2.1.0.4@sha256:9b6f3a4669a72c5d014b3166574bd5498a2c2782ab7f63405364e7b3831487ec,3361
    pantry-tree:
      size: 10518
      sha256: db4685642a1e3d4c7983f5b40a40a5a62e145df3778c5f29bf81991451aca02b
  original:
    hackage: htoml-megaparsec-2.1.0.4@sha256:9b6f3a4669a72c5d014b3166574bd5498a2c2782ab7f63405364e7b3831487ec,3361
snapshots:
- completed:
    size: 587819
    url: https://raw.githubusercontent.com/commercialhaskell/stackage-snapshots/master/lts/18/23.yaml
    sha256: 7f69bb29a57495586e7e3ed31ecc59c0d2c959cb23bd52b71ca676f254c9beb1
  original:
    url: https://raw.githubusercontent.com/commercialhaskell/stackage-snapshots/master/lts/18/23.yaml
